{
  "object": {
    "pins": [
      {
        "reference": {
          "identity": "debugreflect",
          "isLocal": false,
          "path": "https://github.com/omochi/DebugReflect.git"
        },
        "state": {
          "branch": null,
          "revision": "ef3045cbbd54cfbaf009a0e316bc74d24df3312c",
          "version": "0.2.2"
        }
      },
      {
        "reference": {
          "identity": "swiftsyntax",
          "isLocal": false,
          "path": "https://github.com/omochi/SwiftSyntax.git"
        },
        "state": {
          "branch": null,
          "revision": "e40de0cfd699a378252755e9daf9732b25140e2d",
          "version": "0.1.0"
        }
      }
    ]
  },
  "version": 2
}
