{
  "object": {
    "pins": [
      {
        "package": "DebugReflect",
        "repositoryURL": "https://github.com/omochi/DebugReflect.git",
        "state": {
          "branch": null,
          "revision": "ef3045cbbd54cfbaf009a0e316bc74d24df3312c",
          "version": "0.2.2"
        }
      },
      {
        "package": "SwiftSyntax",
        "repositoryURL": "https://github.com/omochi/SwiftSyntax.git",
        "state": {
          "branch": null,
          "revision": "e40de0cfd699a378252755e9daf9732b25140e2d",
          "version": "0.1.0"
        }
      }
    ]
  },
  "version": 1
}
