// !$*UTF8*$!
{
	archiveVersion = 1;
	classes = {
	};
	objectVersion = 46;
	objects = {

/* Begin PBXAggregateTarget section */
		"SwiftPack::swift-pack::ProductTarget" /* swift-pack */ = {
			isa = PBXAggregateTarget;
			buildConfigurationList = OBJ_131 /* Build configuration list for PBXAggregateTarget "swift-pack" */;
			buildPhases = (
			);
			dependencies = (
				OBJ_134 /* PBXTargetDependency */,
			);
			name = "swift-pack";
			productName = "swift-pack";
		};
/* End PBXAggregateTarget section */

/* Begin PBXBuildFile section */
		D60FB4131F712036006E3FF5 /* UnifyApp.swift in Sources */ = {isa = PBXBuildFile; fileRef = D60FB4121F712036006E3FF5 /* UnifyApp.swift */; };
		D62B54FD1F711D7900461E1C /* TypeAliasDecl.swift in Sources */ = {isa = PBXBuildFile; fileRef = D62B54FC1F711D7900461E1C /* TypeAliasDecl.swift */; };
		D68871DB1F74E45400231A13 /* SyntaxParser.swift in Sources */ = {isa = PBXBuildFile; fileRef = D68871DA1F74E45400231A13 /* SyntaxParser.swift */; };
		D68871DD1F74E51B00231A13 /* ExtensionDecl.swift in Sources */ = {isa = PBXBuildFile; fileRef = D68871DC1F74E51B00231A13 /* ExtensionDecl.swift */; };
		D68871E11F79FF7800231A13 /* PropertyDecl.swift in Sources */ = {isa = PBXBuildFile; fileRef = D68871E01F79FF7800231A13 /* PropertyDecl.swift */; };
		D68871E31F7A13EE00231A13 /* UnknownDecl.swift in Sources */ = {isa = PBXBuildFile; fileRef = D68871E21F7A13EE00231A13 /* UnknownDecl.swift */; };
		OBJ_102 /* Package.swift in Sources */ = {isa = PBXBuildFile; fileRef = OBJ_6 /* Package.swift */; };
		OBJ_107 /* AtomicCache.swift in Sources */ = {isa = PBXBuildFile; fileRef = OBJ_35 /* AtomicCache.swift */; };
		OBJ_108 /* RawSyntax.swift in Sources */ = {isa = PBXBuildFile; fileRef = OBJ_36 /* RawSyntax.swift */; };
		OBJ_109 /* SourcePresence.swift in Sources */ = {isa = PBXBuildFile; fileRef = OBJ_37 /* SourcePresence.swift */; };
		OBJ_110 /* SwiftSyntax.swift in Sources */ = {isa = PBXBuildFile; fileRef = OBJ_38 /* SwiftSyntax.swift */; };
		OBJ_111 /* SwiftcInvocation.swift in Sources */ = {isa = PBXBuildFile; fileRef = OBJ_39 /* SwiftcInvocation.swift */; };
		OBJ_112 /* Syntax.swift in Sources */ = {isa = PBXBuildFile; fileRef = OBJ_40 /* Syntax.swift */; };
		OBJ_113 /* SyntaxBuilders.swift in Sources */ = {isa = PBXBuildFile; fileRef = OBJ_41 /* SyntaxBuilders.swift */; };
		OBJ_114 /* SyntaxChildren.swift in Sources */ = {isa = PBXBuildFile; fileRef = OBJ_42 /* SyntaxChildren.swift */; };
		OBJ_115 /* SyntaxCollection.swift in Sources */ = {isa = PBXBuildFile; fileRef = OBJ_43 /* SyntaxCollection.swift */; };
		OBJ_116 /* SyntaxData.swift in Sources */ = {isa = PBXBuildFile; fileRef = OBJ_44 /* SyntaxData.swift */; };
		OBJ_117 /* SyntaxFactory.swift in Sources */ = {isa = PBXBuildFile; fileRef = OBJ_45 /* SyntaxFactory.swift */; };
		OBJ_118 /* SyntaxKind.swift in Sources */ = {isa = PBXBuildFile; fileRef = OBJ_46 /* SyntaxKind.swift */; };
		OBJ_119 /* SyntaxNodes.swift in Sources */ = {isa = PBXBuildFile; fileRef = OBJ_47 /* SyntaxNodes.swift */; };
		OBJ_120 /* SyntaxRewriter.swift in Sources */ = {isa = PBXBuildFile; fileRef = OBJ_48 /* SyntaxRewriter.swift */; };
		OBJ_121 /* TokenKind.swift in Sources */ = {isa = PBXBuildFile; fileRef = OBJ_49 /* TokenKind.swift */; };
		OBJ_122 /* Trivia.swift in Sources */ = {isa = PBXBuildFile; fileRef = OBJ_50 /* Trivia.swift */; };
		OBJ_129 /* Package.swift in Sources */ = {isa = PBXBuildFile; fileRef = OBJ_51 /* Package.swift */; };
		OBJ_61 /* AnyDebugReflectable.swift in Sources */ = {isa = PBXBuildFile; fileRef = OBJ_25 /* AnyDebugReflectable.swift */; };
		OBJ_62 /* DebugReflectBuilder.swift in Sources */ = {isa = PBXBuildFile; fileRef = OBJ_26 /* DebugReflectBuilder.swift */; };
		OBJ_63 /* DebugReflectValue.swift in Sources */ = {isa = PBXBuildFile; fileRef = OBJ_27 /* DebugReflectValue.swift */; };
		OBJ_64 /* DebugReflectWriter.swift in Sources */ = {isa = PBXBuildFile; fileRef = OBJ_28 /* DebugReflectWriter.swift */; };
		OBJ_65 /* DebugReflectable.swift in Sources */ = {isa = PBXBuildFile; fileRef = OBJ_29 /* DebugReflectable.swift */; };
		OBJ_66 /* SwiftTypes.swift in Sources */ = {isa = PBXBuildFile; fileRef = OBJ_30 /* SwiftTypes.swift */; };
		OBJ_67 /* Util.swift in Sources */ = {isa = PBXBuildFile; fileRef = OBJ_31 /* Util.swift */; };
		OBJ_74 /* Package.swift in Sources */ = {isa = PBXBuildFile; fileRef = OBJ_32 /* Package.swift */; };
		OBJ_80 /* App.swift in Sources */ = {isa = PBXBuildFile; fileRef = OBJ_9 /* App.swift */; };
		OBJ_81 /* ClassDecl.swift in Sources */ = {isa = PBXBuildFile; fileRef = OBJ_10 /* ClassDecl.swift */; };
		OBJ_82 /* DeclObject.swift in Sources */ = {isa = PBXBuildFile; fileRef = OBJ_11 /* DeclObject.swift */; };
		OBJ_83 /* Error.swift in Sources */ = {isa = PBXBuildFile; fileRef = OBJ_12 /* Error.swift */; };
		OBJ_84 /* FuncDecl.swift in Sources */ = {isa = PBXBuildFile; fileRef = OBJ_13 /* FuncDecl.swift */; };
		OBJ_85 /* ImportDecl.swift in Sources */ = {isa = PBXBuildFile; fileRef = OBJ_14 /* ImportDecl.swift */; };
		OBJ_86 /* SourceFile.swift in Sources */ = {isa = PBXBuildFile; fileRef = OBJ_15 /* SourceFile.swift */; };
		OBJ_87 /* Syntax.swift in Sources */ = {isa = PBXBuildFile; fileRef = OBJ_16 /* Syntax.swift */; };
		OBJ_88 /* SyntaxUtil.swift in Sources */ = {isa = PBXBuildFile; fileRef = OBJ_17 /* SyntaxUtil.swift */; };
		OBJ_89 /* Util.swift in Sources */ = {isa = PBXBuildFile; fileRef = OBJ_18 /* Util.swift */; };
		OBJ_90 /* main.swift in Sources */ = {isa = PBXBuildFile; fileRef = OBJ_19 /* main.swift */; };
		OBJ_92 /* DebugReflect.framework in Frameworks */ = {isa = PBXBuildFile; fileRef = "DebugReflect::DebugReflect::Product" /* DebugReflect.framework */; };
		OBJ_93 /* SwiftSyntax.framework in Frameworks */ = {isa = PBXBuildFile; fileRef = "SwiftSyntax::SwiftSyntax::Product" /* SwiftSyntax.framework */; };
/* End PBXBuildFile section */

/* Begin PBXContainerItemProxy section */
		D62B54F91F71192E00461E1C /* PBXContainerItemProxy */ = {
			isa = PBXContainerItemProxy;
			containerPortal = OBJ_1 /* Project object */;
			proxyType = 1;
			remoteGlobalIDString = "DebugReflect::DebugReflect";
			remoteInfo = DebugReflect;
		};
		D62B54FA1F71192E00461E1C /* PBXContainerItemProxy */ = {
			isa = PBXContainerItemProxy;
			containerPortal = OBJ_1 /* Project object */;
			proxyType = 1;
			remoteGlobalIDString = "SwiftSyntax::SwiftSyntax";
			remoteInfo = SwiftSyntax;
		};
		D62B54FB1F71192E00461E1C /* PBXContainerItemProxy */ = {
			isa = PBXContainerItemProxy;
			containerPortal = OBJ_1 /* Project object */;
			proxyType = 1;
			remoteGlobalIDString = "SwiftPack::SwiftPack";
			remoteInfo = SwiftPack;
		};
/* End PBXContainerItemProxy section */

/* Begin PBXFileReference section */
		D60FB4121F712036006E3FF5 /* UnifyApp.swift */ = {isa = PBXFileReference; lastKnownFileType = sourcecode.swift; path = UnifyApp.swift; sourceTree = "<group>"; };
		D62B54FC1F711D7900461E1C /* TypeAliasDecl.swift */ = {isa = PBXFileReference; lastKnownFileType = sourcecode.swift; path = TypeAliasDecl.swift; sourceTree = "<group>"; };
		D68871DA1F74E45400231A13 /* SyntaxParser.swift */ = {isa = PBXFileReference; lastKnownFileType = sourcecode.swift; path = SyntaxParser.swift; sourceTree = "<group>"; };
		D68871DC1F74E51B00231A13 /* ExtensionDecl.swift */ = {isa = PBXFileReference; lastKnownFileType = sourcecode.swift; path = ExtensionDecl.swift; sourceTree = "<group>"; };
		D68871E01F79FF7800231A13 /* PropertyDecl.swift */ = {isa = PBXFileReference; lastKnownFileType = sourcecode.swift; path = PropertyDecl.swift; sourceTree = "<group>"; };
		D68871E21F7A13EE00231A13 /* UnknownDecl.swift */ = {isa = PBXFileReference; lastKnownFileType = sourcecode.swift; path = UnknownDecl.swift; sourceTree = "<group>"; };
		"DebugReflect::DebugReflect::Product" /* DebugReflect.framework */ = {isa = PBXFileReference; explicitFileType = wrapper.framework; path = DebugReflect.framework; sourceTree = BUILT_PRODUCTS_DIR; };
		OBJ_10 /* ClassDecl.swift */ = {isa = PBXFileReference; lastKnownFileType = sourcecode.swift; path = ClassDecl.swift; sourceTree = "<group>"; };
		OBJ_11 /* DeclObject.swift */ = {isa = PBXFileReference; lastKnownFileType = sourcecode.swift; path = DeclObject.swift; sourceTree = "<group>"; };
		OBJ_12 /* Error.swift */ = {isa = PBXFileReference; lastKnownFileType = sourcecode.swift; path = Error.swift; sourceTree = "<group>"; };
		OBJ_13 /* FuncDecl.swift */ = {isa = PBXFileReference; lastKnownFileType = sourcecode.swift; path = FuncDecl.swift; sourceTree = "<group>"; };
		OBJ_14 /* ImportDecl.swift */ = {isa = PBXFileReference; lastKnownFileType = sourcecode.swift; path = ImportDecl.swift; sourceTree = "<group>"; };
		OBJ_15 /* SourceFile.swift */ = {isa = PBXFileReference; lastKnownFileType = sourcecode.swift; path = SourceFile.swift; sourceTree = "<group>"; };
		OBJ_16 /* Syntax.swift */ = {isa = PBXFileReference; lastKnownFileType = sourcecode.swift; path = Syntax.swift; sourceTree = "<group>"; };
		OBJ_17 /* SyntaxUtil.swift */ = {isa = PBXFileReference; lastKnownFileType = sourcecode.swift; path = SyntaxUtil.swift; sourceTree = "<group>"; };
		OBJ_18 /* Util.swift */ = {isa = PBXFileReference; lastKnownFileType = sourcecode.swift; path = Util.swift; sourceTree = "<group>"; };
		OBJ_19 /* main.swift */ = {isa = PBXFileReference; lastKnownFileType = sourcecode.swift; path = main.swift; sourceTree = "<group>"; };
		OBJ_21 /* Resources */ = {isa = PBXFileReference; lastKnownFileType = folder; path = Resources; sourceTree = SOURCE_ROOT; };
		OBJ_25 /* AnyDebugReflectable.swift */ = {isa = PBXFileReference; lastKnownFileType = sourcecode.swift; path = AnyDebugReflectable.swift; sourceTree = "<group>"; };
		OBJ_26 /* DebugReflectBuilder.swift */ = {isa = PBXFileReference; lastKnownFileType = sourcecode.swift; path = DebugReflectBuilder.swift; sourceTree = "<group>"; };
		OBJ_27 /* DebugReflectValue.swift */ = {isa = PBXFileReference; lastKnownFileType = sourcecode.swift; path = DebugReflectValue.swift; sourceTree = "<group>"; };
		OBJ_28 /* DebugReflectWriter.swift */ = {isa = PBXFileReference; lastKnownFileType = sourcecode.swift; path = DebugReflectWriter.swift; sourceTree = "<group>"; };
		OBJ_29 /* DebugReflectable.swift */ = {isa = PBXFileReference; lastKnownFileType = sourcecode.swift; path = DebugReflectable.swift; sourceTree = "<group>"; };
		OBJ_30 /* SwiftTypes.swift */ = {isa = PBXFileReference; lastKnownFileType = sourcecode.swift; path = SwiftTypes.swift; sourceTree = "<group>"; };
		OBJ_31 /* Util.swift */ = {isa = PBXFileReference; lastKnownFileType = sourcecode.swift; path = Util.swift; sourceTree = "<group>"; };
		OBJ_32 /* Package.swift */ = {isa = PBXFileReference; explicitFileType = sourcecode.swift; name = Package.swift; path = "/Users/omochi/github/omochi/SwiftPack/.build/checkouts/DebugReflect.git-1390228388869925569/Package.swift"; sourceTree = "<group>"; };
		OBJ_35 /* AtomicCache.swift */ = {isa = PBXFileReference; lastKnownFileType = sourcecode.swift; path = AtomicCache.swift; sourceTree = "<group>"; };
		OBJ_36 /* RawSyntax.swift */ = {isa = PBXFileReference; lastKnownFileType = sourcecode.swift; path = RawSyntax.swift; sourceTree = "<group>"; };
		OBJ_37 /* SourcePresence.swift */ = {isa = PBXFileReference; lastKnownFileType = sourcecode.swift; path = SourcePresence.swift; sourceTree = "<group>"; };
		OBJ_38 /* SwiftSyntax.swift */ = {isa = PBXFileReference; lastKnownFileType = sourcecode.swift; path = SwiftSyntax.swift; sourceTree = "<group>"; };
		OBJ_39 /* SwiftcInvocation.swift */ = {isa = PBXFileReference; lastKnownFileType = sourcecode.swift; path = SwiftcInvocation.swift; sourceTree = "<group>"; };
		OBJ_40 /* Syntax.swift */ = {isa = PBXFileReference; lastKnownFileType = sourcecode.swift; path = Syntax.swift; sourceTree = "<group>"; };
		OBJ_41 /* SyntaxBuilders.swift */ = {isa = PBXFileReference; lastKnownFileType = sourcecode.swift; path = SyntaxBuilders.swift; sourceTree = "<group>"; };
		OBJ_42 /* SyntaxChildren.swift */ = {isa = PBXFileReference; lastKnownFileType = sourcecode.swift; path = SyntaxChildren.swift; sourceTree = "<group>"; };
		OBJ_43 /* SyntaxCollection.swift */ = {isa = PBXFileReference; lastKnownFileType = sourcecode.swift; path = SyntaxCollection.swift; sourceTree = "<group>"; };
		OBJ_44 /* SyntaxData.swift */ = {isa = PBXFileReference; lastKnownFileType = sourcecode.swift; path = SyntaxData.swift; sourceTree = "<group>"; };
		OBJ_45 /* SyntaxFactory.swift */ = {isa = PBXFileReference; lastKnownFileType = sourcecode.swift; path = SyntaxFactory.swift; sourceTree = "<group>"; };
		OBJ_46 /* SyntaxKind.swift */ = {isa = PBXFileReference; lastKnownFileType = sourcecode.swift; path = SyntaxKind.swift; sourceTree = "<group>"; };
		OBJ_47 /* SyntaxNodes.swift */ = {isa = PBXFileReference; lastKnownFileType = sourcecode.swift; path = SyntaxNodes.swift; sourceTree = "<group>"; };
		OBJ_48 /* SyntaxRewriter.swift */ = {isa = PBXFileReference; lastKnownFileType = sourcecode.swift; path = SyntaxRewriter.swift; sourceTree = "<group>"; };
		OBJ_49 /* TokenKind.swift */ = {isa = PBXFileReference; lastKnownFileType = sourcecode.swift; path = TokenKind.swift; sourceTree = "<group>"; };
		OBJ_50 /* Trivia.swift */ = {isa = PBXFileReference; lastKnownFileType = sourcecode.swift; path = Trivia.swift; sourceTree = "<group>"; };
		OBJ_51 /* Package.swift */ = {isa = PBXFileReference; explicitFileType = sourcecode.swift; name = Package.swift; path = "/Users/omochi/github/omochi/SwiftPack/.build/checkouts/SwiftSyntax.git--5842198569242250266/Package.swift"; sourceTree = "<group>"; };
		OBJ_6 /* Package.swift */ = {isa = PBXFileReference; explicitFileType = sourcecode.swift; path = Package.swift; sourceTree = "<group>"; };
		OBJ_9 /* App.swift */ = {isa = PBXFileReference; lastKnownFileType = sourcecode.swift; path = App.swift; sourceTree = "<group>"; };
		"SwiftPack::SwiftPack::Product" /* SwiftPack */ = {isa = PBXFileReference; lastKnownFileType = text; path = SwiftPack; sourceTree = BUILT_PRODUCTS_DIR; };
		"SwiftSyntax::SwiftSyntax::Product" /* SwiftSyntax.framework */ = {isa = PBXFileReference; explicitFileType = wrapper.framework; path = SwiftSyntax.framework; sourceTree = BUILT_PRODUCTS_DIR; };
/* End PBXFileReference section */

/* Begin PBXFrameworksBuildPhase section */
		OBJ_123 /* Frameworks */ = {
			isa = PBXFrameworksBuildPhase;
			buildActionMask = 0;
			files = (
			);
			runOnlyForDeploymentPostprocessing = 0;
		};
		OBJ_68 /* Frameworks */ = {
			isa = PBXFrameworksBuildPhase;
			buildActionMask = 0;
			files = (
			);
			runOnlyForDeploymentPostprocessing = 0;
		};
		OBJ_91 /* Frameworks */ = {
			isa = PBXFrameworksBuildPhase;
			buildActionMask = 0;
			files = (
				OBJ_92 /* DebugReflect.framework in Frameworks */,
				OBJ_93 /* SwiftSyntax.framework in Frameworks */,
			);
			runOnlyForDeploymentPostprocessing = 0;
		};
/* End PBXFrameworksBuildPhase section */

/* Begin PBXGroup section */
		OBJ_20 /* Tests */ = {
			isa = PBXGroup;
			children = (
			);
			name = Tests;
			sourceTree = SOURCE_ROOT;
		};
		OBJ_22 /* Dependencies */ = {
			isa = PBXGroup;
			children = (
				OBJ_23 /* DebugReflect 0.2.2 */,
				OBJ_33 /* SwiftSyntax 0.1.1 */,
			);
			name = Dependencies;
			sourceTree = "<group>";
		};
		OBJ_23 /* DebugReflect 0.2.2 */ = {
			isa = PBXGroup;
			children = (
				OBJ_24 /* DebugReflect */,
				OBJ_32 /* Package.swift */,
			);
			name = "DebugReflect 0.2.2";
			sourceTree = SOURCE_ROOT;
		};
		OBJ_24 /* DebugReflect */ = {
			isa = PBXGroup;
			children = (
				OBJ_25 /* AnyDebugReflectable.swift */,
				OBJ_26 /* DebugReflectBuilder.swift */,
				OBJ_27 /* DebugReflectValue.swift */,
				OBJ_28 /* DebugReflectWriter.swift */,
				OBJ_29 /* DebugReflectable.swift */,
				OBJ_30 /* SwiftTypes.swift */,
				OBJ_31 /* Util.swift */,
			);
			name = DebugReflect;
			path = ".build/checkouts/DebugReflect.git-1390228388869925569/Sources/DebugReflect";
			sourceTree = SOURCE_ROOT;
		};
		OBJ_33 /* SwiftSyntax 0.1.1 */ = {
			isa = PBXGroup;
			children = (
				OBJ_34 /* SwiftSyntax */,
				OBJ_51 /* Package.swift */,
			);
			name = "SwiftSyntax 0.1.1";
			sourceTree = SOURCE_ROOT;
		};
		OBJ_34 /* SwiftSyntax */ = {
			isa = PBXGroup;
			children = (
				OBJ_35 /* AtomicCache.swift */,
				OBJ_36 /* RawSyntax.swift */,
				OBJ_37 /* SourcePresence.swift */,
				OBJ_38 /* SwiftSyntax.swift */,
				OBJ_39 /* SwiftcInvocation.swift */,
				OBJ_40 /* Syntax.swift */,
				OBJ_41 /* SyntaxBuilders.swift */,
				OBJ_42 /* SyntaxChildren.swift */,
				OBJ_43 /* SyntaxCollection.swift */,
				OBJ_44 /* SyntaxData.swift */,
				OBJ_45 /* SyntaxFactory.swift */,
				OBJ_46 /* SyntaxKind.swift */,
				OBJ_47 /* SyntaxNodes.swift */,
				OBJ_48 /* SyntaxRewriter.swift */,
				OBJ_49 /* TokenKind.swift */,
				OBJ_50 /* Trivia.swift */,
			);
			name = SwiftSyntax;
			path = ".build/checkouts/SwiftSyntax.git--5842198569242250266/Sources/SwiftSyntax";
			sourceTree = SOURCE_ROOT;
		};
		OBJ_5 = {
			isa = PBXGroup;
			children = (
				OBJ_6 /* Package.swift */,
				OBJ_7 /* Sources */,
				OBJ_20 /* Tests */,
				OBJ_21 /* Resources */,
				OBJ_22 /* Dependencies */,
				OBJ_52 /* Products */,
			);
			sourceTree = "<group>";
		};
		OBJ_52 /* Products */ = {
			isa = PBXGroup;
			children = (
				"SwiftPack::SwiftPack::Product" /* SwiftPack */,
				"DebugReflect::DebugReflect::Product" /* DebugReflect.framework */,
				"SwiftSyntax::SwiftSyntax::Product" /* SwiftSyntax.framework */,
			);
			name = Products;
			sourceTree = BUILT_PRODUCTS_DIR;
		};
		OBJ_7 /* Sources */ = {
			isa = PBXGroup;
			children = (
				OBJ_8 /* SwiftPack */,
			);
			name = Sources;
			sourceTree = SOURCE_ROOT;
		};
		OBJ_8 /* SwiftPack */ = {
			isa = PBXGroup;
			children = (
				OBJ_18 /* Util.swift */,
				OBJ_12 /* Error.swift */,
				OBJ_11 /* DeclObject.swift */,
				OBJ_14 /* ImportDecl.swift */,
				OBJ_10 /* ClassDecl.swift */,
				D62B54FC1F711D7900461E1C /* TypeAliasDecl.swift */,
				OBJ_13 /* FuncDecl.swift */,
				D68871DC1F74E51B00231A13 /* ExtensionDecl.swift */,
				D68871E01F79FF7800231A13 /* PropertyDecl.swift */,
				D68871E21F7A13EE00231A13 /* UnknownDecl.swift */,
				OBJ_15 /* SourceFile.swift */,
				OBJ_16 /* Syntax.swift */,
				OBJ_17 /* SyntaxUtil.swift */,
				D68871DA1F74E45400231A13 /* SyntaxParser.swift */,
				D60FB4121F712036006E3FF5 /* UnifyApp.swift */,
				OBJ_9 /* App.swift */,
				OBJ_19 /* main.swift */,
			);
			name = SwiftPack;
			path = Sources/SwiftPack;
			sourceTree = SOURCE_ROOT;
		};
/* End PBXGroup section */

/* Begin PBXNativeTarget section */
		"DebugReflect::DebugReflect" /* DebugReflect */ = {
			isa = PBXNativeTarget;
			buildConfigurationList = OBJ_57 /* Build configuration list for PBXNativeTarget "DebugReflect" */;
			buildPhases = (
				OBJ_60 /* Sources */,
				OBJ_68 /* Frameworks */,
			);
			buildRules = (
			);
			dependencies = (
			);
			name = DebugReflect;
			productName = DebugReflect;
			productReference = "DebugReflect::DebugReflect::Product" /* DebugReflect.framework */;
			productType = "com.apple.product-type.framework";
		};
		"DebugReflect::SwiftPMPackageDescription" /* DebugReflectPackageDescription */ = {
			isa = PBXNativeTarget;
			buildConfigurationList = OBJ_70 /* Build configuration list for PBXNativeTarget "DebugReflectPackageDescription" */;
			buildPhases = (
				OBJ_73 /* Sources */,
			);
			buildRules = (
			);
			dependencies = (
			);
			name = DebugReflectPackageDescription;
			productName = DebugReflectPackageDescription;
			productType = "com.apple.product-type.framework";
		};
		"SwiftPack::SwiftPMPackageDescription" /* SwiftPackPackageDescription */ = {
			isa = PBXNativeTarget;
			buildConfigurationList = OBJ_98 /* Build configuration list for PBXNativeTarget "SwiftPackPackageDescription" */;
			buildPhases = (
				OBJ_101 /* Sources */,
			);
			buildRules = (
			);
			dependencies = (
			);
			name = SwiftPackPackageDescription;
			productName = SwiftPackPackageDescription;
			productType = "com.apple.product-type.framework";
		};
		"SwiftPack::SwiftPack" /* SwiftPack */ = {
			isa = PBXNativeTarget;
			buildConfigurationList = OBJ_76 /* Build configuration list for PBXNativeTarget "SwiftPack" */;
			buildPhases = (
				OBJ_79 /* Sources */,
				OBJ_91 /* Frameworks */,
			);
			buildRules = (
			);
			dependencies = (
				OBJ_94 /* PBXTargetDependency */,
				OBJ_95 /* PBXTargetDependency */,
			);
			name = SwiftPack;
			productName = SwiftPack;
			productReference = "SwiftPack::SwiftPack::Product" /* SwiftPack */;
			productType = "com.apple.product-type.tool";
		};
		"SwiftSyntax::SwiftPMPackageDescription" /* SwiftSyntaxPackageDescription */ = {
			isa = PBXNativeTarget;
			buildConfigurationList = OBJ_125 /* Build configuration list for PBXNativeTarget "SwiftSyntaxPackageDescription" */;
			buildPhases = (
				OBJ_128 /* Sources */,
			);
			buildRules = (
			);
			dependencies = (
			);
			name = SwiftSyntaxPackageDescription;
			productName = SwiftSyntaxPackageDescription;
			productType = "com.apple.product-type.framework";
		};
		"SwiftSyntax::SwiftSyntax" /* SwiftSyntax */ = {
			isa = PBXNativeTarget;
			buildConfigurationList = OBJ_103 /* Build configuration list for PBXNativeTarget "SwiftSyntax" */;
			buildPhases = (
				OBJ_106 /* Sources */,
				OBJ_123 /* Frameworks */,
			);
			buildRules = (
			);
			dependencies = (
			);
			name = SwiftSyntax;
			productName = SwiftSyntax;
			productReference = "SwiftSyntax::SwiftSyntax::Product" /* SwiftSyntax.framework */;
			productType = "com.apple.product-type.framework";
		};
/* End PBXNativeTarget section */

/* Begin PBXProject section */
		OBJ_1 /* Project object */ = {
			isa = PBXProject;
			attributes = {
				LastUpgradeCheck = 9999;
			};
			buildConfigurationList = OBJ_2 /* Build configuration list for PBXProject "SwiftPack" */;
			compatibilityVersion = "Xcode 3.2";
			developmentRegion = English;
			hasScannedForEncodings = 0;
			knownRegions = (
				en,
			);
			mainGroup = OBJ_5;
			productRefGroup = OBJ_52 /* Products */;
			projectDirPath = "";
			projectRoot = "";
			targets = (
				"DebugReflect::DebugReflect" /* DebugReflect */,
				"DebugReflect::SwiftPMPackageDescription" /* DebugReflectPackageDescription */,
				"SwiftPack::SwiftPack" /* SwiftPack */,
				"SwiftPack::SwiftPMPackageDescription" /* SwiftPackPackageDescription */,
				"SwiftSyntax::SwiftSyntax" /* SwiftSyntax */,
				"SwiftSyntax::SwiftPMPackageDescription" /* SwiftSyntaxPackageDescription */,
				"SwiftPack::swift-pack::ProductTarget" /* swift-pack */,
			);
		};
/* End PBXProject section */

/* Begin PBXSourcesBuildPhase section */
		OBJ_101 /* Sources */ = {
			isa = PBXSourcesBuildPhase;
			buildActionMask = 0;
			files = (
				OBJ_102 /* Package.swift in Sources */,
			);
			runOnlyForDeploymentPostprocessing = 0;
		};
		OBJ_106 /* Sources */ = {
			isa = PBXSourcesBuildPhase;
			buildActionMask = 0;
			files = (
				OBJ_107 /* AtomicCache.swift in Sources */,
				OBJ_108 /* RawSyntax.swift in Sources */,
				OBJ_109 /* SourcePresence.swift in Sources */,
				OBJ_110 /* SwiftSyntax.swift in Sources */,
				OBJ_111 /* SwiftcInvocation.swift in Sources */,
				OBJ_112 /* Syntax.swift in Sources */,
				OBJ_113 /* SyntaxBuilders.swift in Sources */,
				OBJ_114 /* SyntaxChildren.swift in Sources */,
				OBJ_115 /* SyntaxCollection.swift in Sources */,
				OBJ_116 /* SyntaxData.swift in Sources */,
				OBJ_117 /* SyntaxFactory.swift in Sources */,
				OBJ_118 /* SyntaxKind.swift in Sources */,
				OBJ_119 /* SyntaxNodes.swift in Sources */,
				OBJ_120 /* SyntaxRewriter.swift in Sources */,
				OBJ_121 /* TokenKind.swift in Sources */,
				OBJ_122 /* Trivia.swift in Sources */,
			);
			runOnlyForDeploymentPostprocessing = 0;
		};
		OBJ_128 /* Sources */ = {
			isa = PBXSourcesBuildPhase;
			buildActionMask = 0;
			files = (
				OBJ_129 /* Package.swift in Sources */,
			);
			runOnlyForDeploymentPostprocessing = 0;
		};
		OBJ_60 /* Sources */ = {
			isa = PBXSourcesBuildPhase;
			buildActionMask = 0;
			files = (
				OBJ_61 /* AnyDebugReflectable.swift in Sources */,
				OBJ_62 /* DebugReflectBuilder.swift in Sources */,
				OBJ_63 /* DebugReflectValue.swift in Sources */,
				OBJ_64 /* DebugReflectWriter.swift in Sources */,
				OBJ_65 /* DebugReflectable.swift in Sources */,
				OBJ_66 /* SwiftTypes.swift in Sources */,
				OBJ_67 /* Util.swift in Sources */,
			);
			runOnlyForDeploymentPostprocessing = 0;
		};
		OBJ_73 /* Sources */ = {
			isa = PBXSourcesBuildPhase;
			buildActionMask = 0;
			files = (
				OBJ_74 /* Package.swift in Sources */,
			);
			runOnlyForDeploymentPostprocessing = 0;
		};
		OBJ_79 /* Sources */ = {
			isa = PBXSourcesBuildPhase;
			buildActionMask = 0;
			files = (
				D68871E11F79FF7800231A13 /* PropertyDecl.swift in Sources */,
				OBJ_80 /* App.swift in Sources */,
				D60FB4131F712036006E3FF5 /* UnifyApp.swift in Sources */,
				OBJ_81 /* ClassDecl.swift in Sources */,
				OBJ_82 /* DeclObject.swift in Sources */,
				OBJ_83 /* Error.swift in Sources */,
				OBJ_84 /* FuncDecl.swift in Sources */,
				OBJ_85 /* ImportDecl.swift in Sources */,
				D62B54FD1F711D7900461E1C /* TypeAliasDecl.swift in Sources */,
				OBJ_86 /* SourceFile.swift in Sources */,
				OBJ_87 /* Syntax.swift in Sources */,
				OBJ_88 /* SyntaxUtil.swift in Sources */,
				D68871DB1F74E45400231A13 /* SyntaxParser.swift in Sources */,
				D68871E31F7A13EE00231A13 /* UnknownDecl.swift in Sources */,
				D68871DD1F74E51B00231A13 /* ExtensionDecl.swift in Sources */,
				OBJ_89 /* Util.swift in Sources */,
				OBJ_90 /* main.swift in Sources */,
			);
			runOnlyForDeploymentPostprocessing = 0;
		};
/* End PBXSourcesBuildPhase section */

/* Begin PBXTargetDependency section */
		OBJ_134 /* PBXTargetDependency */ = {
			isa = PBXTargetDependency;
			target = "SwiftPack::SwiftPack" /* SwiftPack */;
			targetProxy = D62B54FB1F71192E00461E1C /* PBXContainerItemProxy */;
		};
		OBJ_94 /* PBXTargetDependency */ = {
			isa = PBXTargetDependency;
			target = "DebugReflect::DebugReflect" /* DebugReflect */;
			targetProxy = D62B54F91F71192E00461E1C /* PBXContainerItemProxy */;
		};
		OBJ_95 /* PBXTargetDependency */ = {
			isa = PBXTargetDependency;
			target = "SwiftSyntax::SwiftSyntax" /* SwiftSyntax */;
			targetProxy = D62B54FA1F71192E00461E1C /* PBXContainerItemProxy */;
		};
/* End PBXTargetDependency section */

/* Begin XCBuildConfiguration section */
		OBJ_100 /* Release */ = {
			isa = XCBuildConfiguration;
			buildSettings = {
				LD = /usr/bin/true;
				OTHER_SWIFT_FLAGS = "-swift-version 4 -I /Library/Developer/Toolchains/swift-DEVELOPMENT-SNAPSHOT-2017-09-18-a.xctoolchain/usr/lib/swift/pm/4 -target x86_64-apple-macosx10.10 -sdk /Applications/Xcode_9_GM_seed.app/Contents/Developer/Platforms/MacOSX.platform/Developer/SDKs/MacOSX10.13.sdk";
				SWIFT_VERSION = 4.0;
			};
			name = Release;
		};
		OBJ_104 /* Debug */ = {
			isa = XCBuildConfiguration;
			buildSettings = {
				ENABLE_TESTABILITY = YES;
				FRAMEWORK_SEARCH_PATHS = (
					"$(inherited)",
					"$(PLATFORM_DIR)/Developer/Library/Frameworks",
				);
				HEADER_SEARCH_PATHS = "$(inherited)";
				INFOPLIST_FILE = SwiftPack.xcodeproj/SwiftSyntax_Info.plist;
				LD_RUNPATH_SEARCH_PATHS = "$(TOOLCHAIN_DIR)/usr/lib/swift/macosx";
				OTHER_LDFLAGS = "$(inherited)";
				OTHER_SWIFT_FLAGS = "$(inherited)";
				PRODUCT_BUNDLE_IDENTIFIER = SwiftSyntax;
				PRODUCT_MODULE_NAME = "$(TARGET_NAME:c99extidentifier)";
				PRODUCT_NAME = "$(TARGET_NAME:c99extidentifier)";
				SKIP_INSTALL = YES;
				SWIFT_VERSION = 4.0;
				TARGET_NAME = SwiftSyntax;
			};
			name = Debug;
		};
		OBJ_105 /* Release */ = {
			isa = XCBuildConfiguration;
			buildSettings = {
				ENABLE_TESTABILITY = YES;
				FRAMEWORK_SEARCH_PATHS = (
					"$(inherited)",
					"$(PLATFORM_DIR)/Developer/Library/Frameworks",
				);
				HEADER_SEARCH_PATHS = "$(inherited)";
				INFOPLIST_FILE = SwiftPack.xcodeproj/SwiftSyntax_Info.plist;
				LD_RUNPATH_SEARCH_PATHS = "$(TOOLCHAIN_DIR)/usr/lib/swift/macosx";
				OTHER_LDFLAGS = "$(inherited)";
				OTHER_SWIFT_FLAGS = "$(inherited)";
				PRODUCT_BUNDLE_IDENTIFIER = SwiftSyntax;
				PRODUCT_MODULE_NAME = "$(TARGET_NAME:c99extidentifier)";
				PRODUCT_NAME = "$(TARGET_NAME:c99extidentifier)";
				SKIP_INSTALL = YES;
				SWIFT_VERSION = 4.0;
				TARGET_NAME = SwiftSyntax;
			};
			name = Release;
		};
		OBJ_126 /* Debug */ = {
			isa = XCBuildConfiguration;
			buildSettings = {
				LD = /usr/bin/true;
				OTHER_SWIFT_FLAGS = "-swift-version 4 -I /Library/Developer/Toolchains/swift-DEVELOPMENT-SNAPSHOT-2017-09-18-a.xctoolchain/usr/lib/swift/pm/4 -target x86_64-apple-macosx10.10 -sdk /Applications/Xcode_9_GM_seed.app/Contents/Developer/Platforms/MacOSX.platform/Developer/SDKs/MacOSX10.13.sdk";
				SWIFT_VERSION = 4.0;
			};
			name = Debug;
		};
		OBJ_127 /* Release */ = {
			isa = XCBuildConfiguration;
			buildSettings = {
				LD = /usr/bin/true;
				OTHER_SWIFT_FLAGS = "-swift-version 4 -I /Library/Developer/Toolchains/swift-DEVELOPMENT-SNAPSHOT-2017-09-18-a.xctoolchain/usr/lib/swift/pm/4 -target x86_64-apple-macosx10.10 -sdk /Applications/Xcode_9_GM_seed.app/Contents/Developer/Platforms/MacOSX.platform/Developer/SDKs/MacOSX10.13.sdk";
				SWIFT_VERSION = 4.0;
			};
			name = Release;
		};
		OBJ_132 /* Debug */ = {
			isa = XCBuildConfiguration;
			buildSettings = {
			};
			name = Debug;
		};
		OBJ_133 /* Release */ = {
			isa = XCBuildConfiguration;
			buildSettings = {
			};
			name = Release;
		};
		OBJ_3 /* Debug */ = {
			isa = XCBuildConfiguration;
			buildSettings = {
				CLANG_ENABLE_OBJC_ARC = YES;
				COMBINE_HIDPI_IMAGES = YES;
				COPY_PHASE_STRIP = NO;
				DEBUG_INFORMATION_FORMAT = dwarf;
				DYLIB_INSTALL_NAME_BASE = "@rpath";
				ENABLE_NS_ASSERTIONS = YES;
				GCC_OPTIMIZATION_LEVEL = 0;
				MACOSX_DEPLOYMENT_TARGET = 10.10;
				ONLY_ACTIVE_ARCH = YES;
				OTHER_SWIFT_FLAGS = "-DXcode";
				PRODUCT_NAME = "$(TARGET_NAME)";
				SDKROOT = macosx;
				SUPPORTED_PLATFORMS = "macosx iphoneos iphonesimulator appletvos appletvsimulator watchos watchsimulator";
				SWIFT_ACTIVE_COMPILATION_CONDITIONS = SWIFT_PACKAGE;
				SWIFT_OPTIMIZATION_LEVEL = "-Onone";
				USE_HEADERMAP = NO;
			};
			name = Debug;
		};
		OBJ_4 /* Release */ = {
			isa = XCBuildConfiguration;
			buildSettings = {
				CLANG_ENABLE_OBJC_ARC = YES;
				COMBINE_HIDPI_IMAGES = YES;
				COPY_PHASE_STRIP = YES;
				DEBUG_INFORMATION_FORMAT = "dwarf-with-dsym";
				DYLIB_INSTALL_NAME_BASE = "@rpath";
				GCC_OPTIMIZATION_LEVEL = s;
				MACOSX_DEPLOYMENT_TARGET = 10.10;
				OTHER_SWIFT_FLAGS = "-DXcode";
				PRODUCT_NAME = "$(TARGET_NAME)";
				SDKROOT = macosx;
				SUPPORTED_PLATFORMS = "macosx iphoneos iphonesimulator appletvos appletvsimulator watchos watchsimulator";
				SWIFT_ACTIVE_COMPILATION_CONDITIONS = SWIFT_PACKAGE;
				SWIFT_OPTIMIZATION_LEVEL = "-Owholemodule";
				USE_HEADERMAP = NO;
			};
			name = Release;
		};
		OBJ_58 /* Debug */ = {
			isa = XCBuildConfiguration;
			buildSettings = {
				ENABLE_TESTABILITY = YES;
				FRAMEWORK_SEARCH_PATHS = (
					"$(inherited)",
					"$(PLATFORM_DIR)/Developer/Library/Frameworks",
				);
				HEADER_SEARCH_PATHS = "$(inherited)";
				INFOPLIST_FILE = SwiftPack.xcodeproj/DebugReflect_Info.plist;
				LD_RUNPATH_SEARCH_PATHS = "$(TOOLCHAIN_DIR)/usr/lib/swift/macosx";
				OTHER_LDFLAGS = "$(inherited)";
				OTHER_SWIFT_FLAGS = "$(inherited)";
				PRODUCT_BUNDLE_IDENTIFIER = DebugReflect;
				PRODUCT_MODULE_NAME = "$(TARGET_NAME:c99extidentifier)";
				PRODUCT_NAME = "$(TARGET_NAME:c99extidentifier)";
				SKIP_INSTALL = YES;
				SWIFT_VERSION = 4.0;
				TARGET_NAME = DebugReflect;
			};
			name = Debug;
		};
		OBJ_59 /* Release */ = {
			isa = XCBuildConfiguration;
			buildSettings = {
				ENABLE_TESTABILITY = YES;
				FRAMEWORK_SEARCH_PATHS = (
					"$(inherited)",
					"$(PLATFORM_DIR)/Developer/Library/Frameworks",
				);
				HEADER_SEARCH_PATHS = "$(inherited)";
				INFOPLIST_FILE = SwiftPack.xcodeproj/DebugReflect_Info.plist;
				LD_RUNPATH_SEARCH_PATHS = "$(TOOLCHAIN_DIR)/usr/lib/swift/macosx";
				OTHER_LDFLAGS = "$(inherited)";
				OTHER_SWIFT_FLAGS = "$(inherited)";
				PRODUCT_BUNDLE_IDENTIFIER = DebugReflect;
				PRODUCT_MODULE_NAME = "$(TARGET_NAME:c99extidentifier)";
				PRODUCT_NAME = "$(TARGET_NAME:c99extidentifier)";
				SKIP_INSTALL = YES;
				SWIFT_VERSION = 4.0;
				TARGET_NAME = DebugReflect;
			};
			name = Release;
		};
		OBJ_71 /* Debug */ = {
			isa = XCBuildConfiguration;
			buildSettings = {
				LD = /usr/bin/true;
				OTHER_SWIFT_FLAGS = "-swift-version 4 -I /Library/Developer/Toolchains/swift-DEVELOPMENT-SNAPSHOT-2017-09-18-a.xctoolchain/usr/lib/swift/pm/4 -target x86_64-apple-macosx10.10 -sdk /Applications/Xcode_9_GM_seed.app/Contents/Developer/Platforms/MacOSX.platform/Developer/SDKs/MacOSX10.13.sdk";
				SWIFT_VERSION = 4.0;
			};
			name = Debug;
		};
		OBJ_72 /* Release */ = {
			isa = XCBuildConfiguration;
			buildSettings = {
				LD = /usr/bin/true;
				OTHER_SWIFT_FLAGS = "-swift-version 4 -I /Library/Developer/Toolchains/swift-DEVELOPMENT-SNAPSHOT-2017-09-18-a.xctoolchain/usr/lib/swift/pm/4 -target x86_64-apple-macosx10.10 -sdk /Applications/Xcode_9_GM_seed.app/Contents/Developer/Platforms/MacOSX.platform/Developer/SDKs/MacOSX10.13.sdk";
				SWIFT_VERSION = 4.0;
			};
			name = Release;
		};
		OBJ_77 /* Debug */ = {
			isa = XCBuildConfiguration;
			buildSettings = {
				FRAMEWORK_SEARCH_PATHS = (
					"$(inherited)",
					"$(PLATFORM_DIR)/Developer/Library/Frameworks",
				);
				HEADER_SEARCH_PATHS = "$(inherited)";
				INFOPLIST_FILE = SwiftPack.xcodeproj/SwiftPack_Info.plist;
				LD_RUNPATH_SEARCH_PATHS = "$(TOOLCHAIN_DIR)/usr/lib/swift/macosx @executable_path";
				OTHER_LDFLAGS = "$(inherited)";
				OTHER_SWIFT_FLAGS = "$(inherited)";
				SWIFT_FORCE_DYNAMIC_LINK_STDLIB = YES;
				SWIFT_FORCE_STATIC_LINK_STDLIB = NO;
				SWIFT_VERSION = 4.0;
				TARGET_NAME = SwiftPack;
			};
			name = Debug;
		};
		OBJ_78 /* Release */ = {
			isa = XCBuildConfiguration;
			buildSettings = {
				FRAMEWORK_SEARCH_PATHS = (
					"$(inherited)",
					"$(PLATFORM_DIR)/Developer/Library/Frameworks",
				);
				HEADER_SEARCH_PATHS = "$(inherited)";
				INFOPLIST_FILE = SwiftPack.xcodeproj/SwiftPack_Info.plist;
				LD_RUNPATH_SEARCH_PATHS = "$(TOOLCHAIN_DIR)/usr/lib/swift/macosx @executable_path";
				OTHER_LDFLAGS = "$(inherited)";
				OTHER_SWIFT_FLAGS = "$(inherited)";
				SWIFT_FORCE_DYNAMIC_LINK_STDLIB = YES;
				SWIFT_FORCE_STATIC_LINK_STDLIB = NO;
				SWIFT_VERSION = 4.0;
				TARGET_NAME = SwiftPack;
			};
			name = Release;
		};
		OBJ_99 /* Debug */ = {
			isa = XCBuildConfiguration;
			buildSettings = {
				LD = /usr/bin/true;
				OTHER_SWIFT_FLAGS = "-swift-version 4 -I /Library/Developer/Toolchains/swift-DEVELOPMENT-SNAPSHOT-2017-09-18-a.xctoolchain/usr/lib/swift/pm/4 -target x86_64-apple-macosx10.10 -sdk /Applications/Xcode_9_GM_seed.app/Contents/Developer/Platforms/MacOSX.platform/Developer/SDKs/MacOSX10.13.sdk";
				SWIFT_VERSION = 4.0;
			};
			name = Debug;
		};
/* End XCBuildConfiguration section */

/* Begin XCConfigurationList section */
		OBJ_103 /* Build configuration list for PBXNativeTarget "SwiftSyntax" */ = {
			isa = XCConfigurationList;
			buildConfigurations = (
				OBJ_104 /* Debug */,
				OBJ_105 /* Release */,
			);
			defaultConfigurationIsVisible = 0;
			defaultConfigurationName = Debug;
		};
		OBJ_125 /* Build configuration list for PBXNativeTarget "SwiftSyntaxPackageDescription" */ = {
			isa = XCConfigurationList;
			buildConfigurations = (
				OBJ_126 /* Debug */,
				OBJ_127 /* Release */,
			);
			defaultConfigurationIsVisible = 0;
			defaultConfigurationName = Debug;
		};
		OBJ_131 /* Build configuration list for PBXAggregateTarget "swift-pack" */ = {
			isa = XCConfigurationList;
			buildConfigurations = (
				OBJ_132 /* Debug */,
				OBJ_133 /* Release */,
			);
			defaultConfigurationIsVisible = 0;
			defaultConfigurationName = Debug;
		};
		OBJ_2 /* Build configuration list for PBXProject "SwiftPack" */ = {
			isa = XCConfigurationList;
			buildConfigurations = (
				OBJ_3 /* Debug */,
				OBJ_4 /* Release */,
			);
			defaultConfigurationIsVisible = 0;
			defaultConfigurationName = Debug;
		};
		OBJ_57 /* Build configuration list for PBXNativeTarget "DebugReflect" */ = {
			isa = XCConfigurationList;
			buildConfigurations = (
				OBJ_58 /* Debug */,
				OBJ_59 /* Release */,
			);
			defaultConfigurationIsVisible = 0;
			defaultConfigurationName = Debug;
		};
		OBJ_70 /* Build configuration list for PBXNativeTarget "DebugReflectPackageDescription" */ = {
			isa = XCConfigurationList;
			buildConfigurations = (
				OBJ_71 /* Debug */,
				OBJ_72 /* Release */,
			);
			defaultConfigurationIsVisible = 0;
			defaultConfigurationName = Debug;
		};
		OBJ_76 /* Build configuration list for PBXNativeTarget "SwiftPack" */ = {
			isa = XCConfigurationList;
			buildConfigurations = (
				OBJ_77 /* Debug */,
				OBJ_78 /* Release */,
			);
			defaultConfigurationIsVisible = 0;
			defaultConfigurationName = Debug;
		};
		OBJ_98 /* Build configuration list for PBXNativeTarget "SwiftPackPackageDescription" */ = {
			isa = XCConfigurationList;
			buildConfigurations = (
				OBJ_99 /* Debug */,
				OBJ_100 /* Release */,
			);
			defaultConfigurationIsVisible = 0;
			defaultConfigurationName = Debug;
		};
/* End XCConfigurationList section */
	};
	rootObject = OBJ_1 /* Project object */;
}
